
Microsoft Visual Studio Solution File, Format Version 12.00
# Visual Studio Version 17
VisualStudioVersion = 17.5.002.0
MinimumVisualStudioVersion = 10.0.40219.1
Project("{9A19103F-16F7-4668-BE54-9A1E7A4F7556}") = "lab4", "lab4.csproj", "{D5EE9CEF-A9BA-4821-9DBF-A682A78E6AC5}"
EndProject
Global
	GlobalSection(SolutionConfigurationPlatforms) = preSolution
		Debug|Any CPU = Debug|Any CPU
		Release|Any CPU = Release|Any CPU
	EndGlobalSection
	GlobalSection(ProjectConfigurationPlatforms) = postSolution
		{D5EE9CEF-A9BA-4821-9DBF-A682A78E6AC5}.Debug|Any CPU.ActiveCfg = Debug|Any CPU
		{D5EE9CEF-A9BA-4821-9DBF-A682A78E6AC5}.Debug|Any CPU.Build.0 = Debug|Any CPU
		{D5EE9CEF-A9BA-4821-9DBF-A682A78E6AC5}.Release|Any CPU.ActiveCfg = Release|Any CPU
		{D5EE9CEF-A9BA-4821-9DBF-A682A78E6AC5}.Release|Any CPU.Build.0 = Release|Any CPU
	EndGlobalSection
	GlobalSection(SolutionProperties) = preSolution
		HideSolutionNode = FALSE
	EndGlobalSection
	GlobalSection(ExtensibilityGlobals) = postSolution
		SolutionGuid = {A0B7F89B-87CE-4A9B-A6E7-E2C6C4FF0E30}
	EndGlobalSection
EndGlobal
